PODS:
  - Differentiator (4.0.1)
  - RxCocoa (5.1.1):
    - RxRelay (~> 5)
    - RxSwift (~> 5)
  - RxDataSources (4.0.1):
    - Differentiator (~> 4.0)
    - RxCocoa (~> 5.0)
    - RxSwift (~> 5.0)
  - RxRelay (5.1.1):
    - RxSwift (~> 5)
  - RxSwift (5.1.2)
  - SwiftGen (6.4.0)
  - SwiftLint (0.43.1)

DEPENDENCIES:
  - RxCocoa (~> 5)
  - RxDataSources (~> 4.0)
  - RxSwift (~> 5)
  - SwiftGen
  - SwiftLint

SPEC REPOS:
  trunk:
    - Differentiator
    - RxCocoa
    - RxDataSources
    - RxRelay
    - RxSwift
    - SwiftGen
    - SwiftLint

SPEC CHECKSUMS:
  Differentiator: 886080237d9f87f322641dedbc5be257061b0602
  RxCocoa: 32065309a38d29b5b0db858819b5bf9ef038b601
  RxDataSources: efee07fa4de48477eca0a4611e6d11e2da9c1114
  RxRelay: d77f7d771495f43c556cbc43eebd1bb54d01e8e9
  RxSwift: 1e2e1f9570186967f617e49128ed26ccf1bafc8e
  SwiftGen: 67860cc7c3cfc2ed25b9b74cfd55495fc89f9108
  SwiftLint: 99f82d07b837b942dd563c668de129a03fc3fb52

PODFILE CHECKSUM: 2a8fd43afd138c83b7b9cf0b077548e62381cf42

COCOAPODS: 1.10.1
