// !$*UTF8*$!
{
	archiveVersion = 1;
	classes = {
	};
	objectVersion = 51;
	objects = {

/* Begin PBXBuildFile section */
		08FD4FFA13A911C75705BB61 /* Pods_ViperMVVM.framework in Frameworks */ = {isa = PBXBuildFile; fileRef = 4901F802602A88B3D9F45C7D /* Pods_ViperMVVM.framework */; };
		3B26EFC126427ED700A8F927 /* FirstTableViewCell.swift in Sources */ = {isa = PBXBuildFile; fileRef = 3B26EFBF26427ED700A8F927 /* FirstTableViewCell.swift */; };
		3B26EFC226427ED700A8F927 /* FirstTableViewCell.xib in Resources */ = {isa = PBXBuildFile; fileRef = 3B26EFC026427ED700A8F927 /* FirstTableViewCell.xib */; };
		3B26EFC52642A71A00A8F927 /* State.swift in Sources */ = {isa = PBXBuildFile; fileRef = 3B26EFC42642A71A00A8F927 /* State.swift */; };
		3B26EFC82642A7CA00A8F927 /* ExtensionDate.swift in Sources */ = {isa = PBXBuildFile; fileRef = 3B26EFC72642A7CA00A8F927 /* ExtensionDate.swift */; };
		3B63722226443338008AAA2B /* SecondInterface.swift in Sources */ = {isa = PBXBuildFile; fileRef = 3B63722126443338008AAA2B /* SecondInterface.swift */; };
		3B63722626443382008AAA2B /* SecondViewController.swift in Sources */ = {isa = PBXBuildFile; fileRef = 3B63722426443382008AAA2B /* SecondViewController.swift */; };
		3B63722726443382008AAA2B /* SecondViewController.xib in Resources */ = {isa = PBXBuildFile; fileRef = 3B63722526443382008AAA2B /* SecondViewController.xib */; };
		3B63722F2644347D008AAA2B /* SecondTableViewCell.swift in Sources */ = {isa = PBXBuildFile; fileRef = 3B63722D2644347D008AAA2B /* SecondTableViewCell.swift */; };
		3B6372302644347D008AAA2B /* SecondTableViewCell.xib in Resources */ = {isa = PBXBuildFile; fileRef = 3B63722E2644347D008AAA2B /* SecondTableViewCell.xib */; };
		3B637233264434C3008AAA2B /* SecondViewModel.swift in Sources */ = {isa = PBXBuildFile; fileRef = 3B637232264434C3008AAA2B /* SecondViewModel.swift */; };
		3B63723626443538008AAA2B /* SecondWireFrame.swift in Sources */ = {isa = PBXBuildFile; fileRef = 3B63723526443538008AAA2B /* SecondWireFrame.swift */; };
		3B63723F2644395A008AAA2B /* APIServiceSecond.swift in Sources */ = {isa = PBXBuildFile; fileRef = 3B63723E2644395A008AAA2B /* APIServiceSecond.swift */; };
		3BC24D8D263AD0D100AAF403 /* AppDelegate.swift in Sources */ = {isa = PBXBuildFile; fileRef = 3BC24D8C263AD0D100AAF403 /* AppDelegate.swift */; };
		3BC24D96263AD0D300AAF403 /* Assets.xcassets in Resources */ = {isa = PBXBuildFile; fileRef = 3BC24D95263AD0D300AAF403 /* Assets.xcassets */; };
		3BC24D99263AD0D300AAF403 /* LaunchScreen.storyboard in Resources */ = {isa = PBXBuildFile; fileRef = 3BC24D97263AD0D300AAF403 /* LaunchScreen.storyboard */; };
		3BC24DB9263AF1E200AAF403 /* .swiftlint.yml in Resources */ = {isa = PBXBuildFile; fileRef = 3BC24DB8263AF1E200AAF403 /* .swiftlint.yml */; };
		3BD20E63263BE2A600D9CA8F /* FirstViewModel.swift in Sources */ = {isa = PBXBuildFile; fileRef = 3BD20E62263BE2A600D9CA8F /* FirstViewModel.swift */; };
		3BD20E66263BE2C900D9CA8F /* FirstModel.swift in Sources */ = {isa = PBXBuildFile; fileRef = 3BD20E65263BE2C900D9CA8F /* FirstModel.swift */; };
		3BD20E69263BE2FB00D9CA8F /* FirstRouter.swift in Sources */ = {isa = PBXBuildFile; fileRef = 3BD20E68263BE2FB00D9CA8F /* FirstRouter.swift */; };
		3BD20E6C263BE31100D9CA8F /* FirstWireFrame.swift in Sources */ = {isa = PBXBuildFile; fileRef = 3BD20E6B263BE31100D9CA8F /* FirstWireFrame.swift */; };
		3BD20E6F263BE3A100D9CA8F /* FirstInterfase.swift in Sources */ = {isa = PBXBuildFile; fileRef = 3BD20E6E263BE3A100D9CA8F /* FirstInterfase.swift */; };
		3BD20E75263BF2C300D9CA8F /* DIContainer.swift in Sources */ = {isa = PBXBuildFile; fileRef = 3BD20E74263BF2C300D9CA8F /* DIContainer.swift */; };
		3BD20E78263BF3CF00D9CA8F /* APIServiceFirst.swift in Sources */ = {isa = PBXBuildFile; fileRef = 3BD20E77263BF3CF00D9CA8F /* APIServiceFirst.swift */; };
		3BD20E7D263BFDD100D9CA8F /* FirstViewController.swift in Sources */ = {isa = PBXBuildFile; fileRef = 3BD20E7B263BFDD100D9CA8F /* FirstViewController.swift */; };
		3BD20E7E263BFDD100D9CA8F /* FirstViewController.xib in Resources */ = {isa = PBXBuildFile; fileRef = 3BD20E7C263BFDD100D9CA8F /* FirstViewController.xib */; };
		3BD20E8B263C2A0700D9CA8F /* SecondModel.swift in Sources */ = {isa = PBXBuildFile; fileRef = 3BD20E8A263C2A0700D9CA8F /* SecondModel.swift */; };
/* End PBXBuildFile section */

/* Begin PBXFileReference section */
		3B26EFBF26427ED700A8F927 /* FirstTableViewCell.swift */ = {isa = PBXFileReference; lastKnownFileType = sourcecode.swift; path = FirstTableViewCell.swift; sourceTree = "<group>"; };
		3B26EFC026427ED700A8F927 /* FirstTableViewCell.xib */ = {isa = PBXFileReference; lastKnownFileType = file.xib; path = FirstTableViewCell.xib; sourceTree = "<group>"; };
		3B26EFC42642A71A00A8F927 /* State.swift */ = {isa = PBXFileReference; lastKnownFileType = sourcecode.swift; path = State.swift; sourceTree = "<group>"; };
		3B26EFC72642A7CA00A8F927 /* ExtensionDate.swift */ = {isa = PBXFileReference; lastKnownFileType = sourcecode.swift; path = ExtensionDate.swift; sourceTree = "<group>"; };
		3B63722126443338008AAA2B /* SecondInterface.swift */ = {isa = PBXFileReference; lastKnownFileType = sourcecode.swift; path = SecondInterface.swift; sourceTree = "<group>"; };
		3B63722426443382008AAA2B /* SecondViewController.swift */ = {isa = PBXFileReference; lastKnownFileType = sourcecode.swift; path = SecondViewController.swift; sourceTree = "<group>"; };
		3B63722526443382008AAA2B /* SecondViewController.xib */ = {isa = PBXFileReference; lastKnownFileType = file.xib; path = SecondViewController.xib; sourceTree = "<group>"; };
		3B63722D2644347D008AAA2B /* SecondTableViewCell.swift */ = {isa = PBXFileReference; lastKnownFileType = sourcecode.swift; path = SecondTableViewCell.swift; sourceTree = "<group>"; };
		3B63722E2644347D008AAA2B /* SecondTableViewCell.xib */ = {isa = PBXFileReference; lastKnownFileType = file.xib; path = SecondTableViewCell.xib; sourceTree = "<group>"; };
		3B637232264434C3008AAA2B /* SecondViewModel.swift */ = {isa = PBXFileReference; lastKnownFileType = sourcecode.swift; path = SecondViewModel.swift; sourceTree = "<group>"; };
		3B63723526443538008AAA2B /* SecondWireFrame.swift */ = {isa = PBXFileReference; lastKnownFileType = sourcecode.swift; path = SecondWireFrame.swift; sourceTree = "<group>"; };
		3B63723E2644395A008AAA2B /* APIServiceSecond.swift */ = {isa = PBXFileReference; lastKnownFileType = sourcecode.swift; path = APIServiceSecond.swift; sourceTree = "<group>"; };
		3BC24D89263AD0D100AAF403 /* ViperMVVM.app */ = {isa = PBXFileReference; explicitFileType = wrapper.application; includeInIndex = 0; path = ViperMVVM.app; sourceTree = BUILT_PRODUCTS_DIR; };
		3BC24D8C263AD0D100AAF403 /* AppDelegate.swift */ = {isa = PBXFileReference; lastKnownFileType = sourcecode.swift; path = AppDelegate.swift; sourceTree = "<group>"; };
		3BC24D95263AD0D300AAF403 /* Assets.xcassets */ = {isa = PBXFileReference; lastKnownFileType = folder.assetcatalog; path = Assets.xcassets; sourceTree = "<group>"; };
		3BC24D98263AD0D300AAF403 /* Base */ = {isa = PBXFileReference; lastKnownFileType = file.storyboard; name = Base; path = Base.lproj/LaunchScreen.storyboard; sourceTree = "<group>"; };
		3BC24D9A263AD0D300AAF403 /* Info.plist */ = {isa = PBXFileReference; lastKnownFileType = text.plist.xml; path = Info.plist; sourceTree = "<group>"; };
		3BC24DB8263AF1E200AAF403 /* .swiftlint.yml */ = {isa = PBXFileReference; fileEncoding = 4; lastKnownFileType = text.yaml; path = .swiftlint.yml; sourceTree = "<group>"; };
		3BD20E62263BE2A600D9CA8F /* FirstViewModel.swift */ = {isa = PBXFileReference; lastKnownFileType = sourcecode.swift; path = FirstViewModel.swift; sourceTree = "<group>"; };
		3BD20E65263BE2C900D9CA8F /* FirstModel.swift */ = {isa = PBXFileReference; lastKnownFileType = sourcecode.swift; path = FirstModel.swift; sourceTree = "<group>"; };
		3BD20E68263BE2FB00D9CA8F /* FirstRouter.swift */ = {isa = PBXFileReference; lastKnownFileType = sourcecode.swift; path = FirstRouter.swift; sourceTree = "<group>"; };
		3BD20E6B263BE31100D9CA8F /* FirstWireFrame.swift */ = {isa = PBXFileReference; lastKnownFileType = sourcecode.swift; path = FirstWireFrame.swift; sourceTree = "<group>"; };
		3BD20E6E263BE3A100D9CA8F /* FirstInterfase.swift */ = {isa = PBXFileReference; lastKnownFileType = sourcecode.swift; path = FirstInterfase.swift; sourceTree = "<group>"; };
		3BD20E74263BF2C300D9CA8F /* DIContainer.swift */ = {isa = PBXFileReference; lastKnownFileType = sourcecode.swift; path = DIContainer.swift; sourceTree = "<group>"; };
		3BD20E77263BF3CF00D9CA8F /* APIServiceFirst.swift */ = {isa = PBXFileReference; lastKnownFileType = sourcecode.swift; path = APIServiceFirst.swift; sourceTree = "<group>"; };
		3BD20E7B263BFDD100D9CA8F /* FirstViewController.swift */ = {isa = PBXFileReference; lastKnownFileType = sourcecode.swift; path = FirstViewController.swift; sourceTree = "<group>"; };
		3BD20E7C263BFDD100D9CA8F /* FirstViewController.xib */ = {isa = PBXFileReference; lastKnownFileType = file.xib; path = FirstViewController.xib; sourceTree = "<group>"; };
		3BD20E8A263C2A0700D9CA8F /* SecondModel.swift */ = {isa = PBXFileReference; lastKnownFileType = sourcecode.swift; path = SecondModel.swift; sourceTree = "<group>"; };
		4901F802602A88B3D9F45C7D /* Pods_ViperMVVM.framework */ = {isa = PBXFileReference; explicitFileType = wrapper.framework; includeInIndex = 0; path = Pods_ViperMVVM.framework; sourceTree = BUILT_PRODUCTS_DIR; };
		4C2CEBA29AD8EECDFB12B515 /* Pods-ViperMVVM.debug.xcconfig */ = {isa = PBXFileReference; includeInIndex = 1; lastKnownFileType = text.xcconfig; name = "Pods-ViperMVVM.debug.xcconfig"; path = "Target Support Files/Pods-ViperMVVM/Pods-ViperMVVM.debug.xcconfig"; sourceTree = "<group>"; };
		9A124D3E20DE8E952D17EB0E /* Pods-ViperMVVM.release.xcconfig */ = {isa = PBXFileReference; includeInIndex = 1; lastKnownFileType = text.xcconfig; name = "Pods-ViperMVVM.release.xcconfig"; path = "Target Support Files/Pods-ViperMVVM/Pods-ViperMVVM.release.xcconfig"; sourceTree = "<group>"; };
/* End PBXFileReference section */

/* Begin PBXFrameworksBuildPhase section */
		3BC24D86263AD0D100AAF403 /* Frameworks */ = {
			isa = PBXFrameworksBuildPhase;
			buildActionMask = 2147483647;
			files = (
				08FD4FFA13A911C75705BB61 /* Pods_ViperMVVM.framework in Frameworks */,
			);
			runOnlyForDeploymentPostprocessing = 0;
		};
/* End PBXFrameworksBuildPhase section */

/* Begin PBXGroup section */
		1DB749D5C927C3982A42FFE8 /* Pods */ = {
			isa = PBXGroup;
			children = (
				4C2CEBA29AD8EECDFB12B515 /* Pods-ViperMVVM.debug.xcconfig */,
				9A124D3E20DE8E952D17EB0E /* Pods-ViperMVVM.release.xcconfig */,
			);
			path = Pods;
			sourceTree = "<group>";
		};
		3B26EFAE2642740F00A8F927 /* View */ = {
			isa = PBXGroup;
			children = (
				3BD20E7B263BFDD100D9CA8F /* FirstViewController.swift */,
				3BD20E7C263BFDD100D9CA8F /* FirstViewController.xib */,
				3B26EFBF26427ED700A8F927 /* FirstTableViewCell.swift */,
				3B26EFC026427ED700A8F927 /* FirstTableViewCell.xib */,
			);
			path = View;
			sourceTree = "<group>";
		};
		3B26EFB02642742100A8F927 /* ViewModel */ = {
			isa = PBXGroup;
			children = (
				3BD20E62263BE2A600D9CA8F /* FirstViewModel.swift */,
			);
			path = ViewModel;
			sourceTree = "<group>";
		};
		3B26EFB22642743300A8F927 /* Model */ = {
			isa = PBXGroup;
			children = (
				3BD20E65263BE2C900D9CA8F /* FirstModel.swift */,
				3B26EFC42642A71A00A8F927 /* State.swift */,
			);
			path = Model;
			sourceTree = "<group>";
		};
		3B63723826443823008AAA2B /* Model */ = {
			isa = PBXGroup;
			children = (
				3BD20E8A263C2A0700D9CA8F /* SecondModel.swift */,
			);
			path = Model;
			sourceTree = "<group>";
		};
		3B63723A2644383C008AAA2B /* View */ = {
			isa = PBXGroup;
			children = (
				3B63722426443382008AAA2B /* SecondViewController.swift */,
				3B63722526443382008AAA2B /* SecondViewController.xib */,
				3B63722D2644347D008AAA2B /* SecondTableViewCell.swift */,
				3B63722E2644347D008AAA2B /* SecondTableViewCell.xib */,
			);
			path = View;
			sourceTree = "<group>";
		};
		3B63723C26443862008AAA2B /* ViewModel */ = {
			isa = PBXGroup;
			children = (
				3B637232264434C3008AAA2B /* SecondViewModel.swift */,
			);
			path = ViewModel;
			sourceTree = "<group>";
		};
		3BC24D80263AD0D100AAF403 = {
			isa = PBXGroup;
			children = (
				3BC24DB8263AF1E200AAF403 /* .swiftlint.yml */,
				3BC24D8B263AD0D100AAF403 /* ViperMVVM */,
				3BC24D8A263AD0D100AAF403 /* Products */,
				1DB749D5C927C3982A42FFE8 /* Pods */,
				6BAF31FF516A91B8E73FADAE /* Frameworks */,
			);
			sourceTree = "<group>";
		};
		3BC24D8A263AD0D100AAF403 /* Products */ = {
			isa = PBXGroup;
			children = (
				3BC24D89263AD0D100AAF403 /* ViperMVVM.app */,
			);
			name = Products;
			sourceTree = "<group>";
		};
		3BC24D8B263AD0D100AAF403 /* ViperMVVM */ = {
			isa = PBXGroup;
			children = (
				3B63722126443338008AAA2B /* SecondInterface.swift */,
				3BD20E89263C29D900D9CA8F /* SecondModule */,
				3BD20E73263BF29600D9CA8F /* Services */,
				3BD20E5D263BDFA700D9CA8F /* FirstModule */,
				3BC24D8C263AD0D100AAF403 /* AppDelegate.swift */,
				3BC24D95263AD0D300AAF403 /* Assets.xcassets */,
				3BC24D97263AD0D300AAF403 /* LaunchScreen.storyboard */,
				3BC24D9A263AD0D300AAF403 /* Info.plist */,
				3B26EFC72642A7CA00A8F927 /* ExtensionDate.swift */,
			);
			path = ViperMVVM;
			sourceTree = "<group>";
		};
		3BD20E5D263BDFA700D9CA8F /* FirstModule */ = {
			isa = PBXGroup;
			children = (
				3BD20E6E263BE3A100D9CA8F /* FirstInterfase.swift */,
				3BD20E6B263BE31100D9CA8F /* FirstWireFrame.swift */,
				3B26EFAE2642740F00A8F927 /* View */,
				3B26EFB02642742100A8F927 /* ViewModel */,
				3B26EFB22642743300A8F927 /* Model */,
				3BD20E68263BE2FB00D9CA8F /* FirstRouter.swift */,
			);
			path = FirstModule;
			sourceTree = "<group>";
		};
		3BD20E73263BF29600D9CA8F /* Services */ = {
			isa = PBXGroup;
			children = (
				3BD20E74263BF2C300D9CA8F /* DIContainer.swift */,
				3BD20E77263BF3CF00D9CA8F /* APIServiceFirst.swift */,
				3B63723E2644395A008AAA2B /* APIServiceSecond.swift */,
			);
			path = Services;
			sourceTree = "<group>";
		};
		3BD20E89263C29D900D9CA8F /* SecondModule */ = {
			isa = PBXGroup;
			children = (
				3B63723826443823008AAA2B /* Model */,
				3B63723A2644383C008AAA2B /* View */,
				3B63723C26443862008AAA2B /* ViewModel */,
				3B63723526443538008AAA2B /* SecondWireFrame.swift */,
			);
			path = SecondModule;
			sourceTree = "<group>";
		};
		6BAF31FF516A91B8E73FADAE /* Frameworks */ = {
			isa = PBXGroup;
			children = (
				4901F802602A88B3D9F45C7D /* Pods_ViperMVVM.framework */,
			);
			name = Frameworks;
			sourceTree = "<group>";
		};
/* End PBXGroup section */

/* Begin PBXNativeTarget section */
		3BC24D88263AD0D100AAF403 /* ViperMVVM */ = {
			isa = PBXNativeTarget;
			buildConfigurationList = 3BC24D9D263AD0D300AAF403 /* Build configuration list for PBXNativeTarget "ViperMVVM" */;
			buildPhases = (
				3387F5A348D8A9C1ADACE7AB /* [CP] Check Pods Manifest.lock */,
				3BC24D85263AD0D100AAF403 /* Sources */,
				3BC24D86263AD0D100AAF403 /* Frameworks */,
				3BC24D87263AD0D100AAF403 /* Resources */,
				3BC24DA6263AD5A400AAF403 /* Swiftlint */,
				30D82FCCF65FB3E4B8765BE8 /* [CP] Embed Pods Frameworks */,
			);
			buildRules = (
			);
			dependencies = (
			);
			name = ViperMVVM;
			productName = ViperMVVM;
			productReference = 3BC24D89263AD0D100AAF403 /* ViperMVVM.app */;
			productType = "com.apple.product-type.application";
		};
/* End PBXNativeTarget section */

/* Begin PBXProject section */
		3BC24D81263AD0D100AAF403 /* Project object */ = {
			isa = PBXProject;
			attributes = {
				LastSwiftUpdateCheck = 1240;
				LastUpgradeCheck = 1240;
				TargetAttributes = {
					3BC24D88263AD0D100AAF403 = {
						CreatedOnToolsVersion = 12.4;
					};
				};
			};
			buildConfigurationList = 3BC24D84263AD0D100AAF403 /* Build configuration list for PBXProject "ViperMVVM" */;
			compatibilityVersion = "Xcode 9.3";
			developmentRegion = en;
			hasScannedForEncodings = 0;
			knownRegions = (
				en,
				Base,
			);
			mainGroup = 3BC24D80263AD0D100AAF403;
			productRefGroup = 3BC24D8A263AD0D100AAF403 /* Products */;
			projectDirPath = "";
			projectRoot = "";
			targets = (
				3BC24D88263AD0D100AAF403 /* ViperMVVM */,
			);
		};
/* End PBXProject section */

/* Begin PBXResourcesBuildPhase section */
		3BC24D87263AD0D100AAF403 /* Resources */ = {
			isa = PBXResourcesBuildPhase;
			buildActionMask = 2147483647;
			files = (
				3B26EFC226427ED700A8F927 /* FirstTableViewCell.xib in Resources */,
				3BC24DB9263AF1E200AAF403 /* .swiftlint.yml in Resources */,
				3B63722726443382008AAA2B /* SecondViewController.xib in Resources */,
				3BC24D99263AD0D300AAF403 /* LaunchScreen.storyboard in Resources */,
				3B6372302644347D008AAA2B /* SecondTableViewCell.xib in Resources */,
				3BC24D96263AD0D300AAF403 /* Assets.xcassets in Resources */,
				3BD20E7E263BFDD100D9CA8F /* FirstViewController.xib in Resources */,
			);
			runOnlyForDeploymentPostprocessing = 0;
		};
/* End PBXResourcesBuildPhase section */

/* Begin PBXShellScriptBuildPhase section */
		30D82FCCF65FB3E4B8765BE8 /* [CP] Embed Pods Frameworks */ = {
			isa = PBXShellScriptBuildPhase;
			buildActionMask = 2147483647;
			files = (
			);
			inputFileListPaths = (
				"${PODS_ROOT}/Target Support Files/Pods-ViperMVVM/Pods-ViperMVVM-frameworks-${CONFIGURATION}-input-files.xcfilelist",
			);
			name = "[CP] Embed Pods Frameworks";
			outputFileListPaths = (
				"${PODS_ROOT}/Target Support Files/Pods-ViperMVVM/Pods-ViperMVVM-frameworks-${CONFIGURATION}-output-files.xcfilelist",
			);
			runOnlyForDeploymentPostprocessing = 0;
			shellPath = /bin/sh;
			shellScript = "\"${PODS_ROOT}/Target Support Files/Pods-ViperMVVM/Pods-ViperMVVM-frameworks.sh\"\n";
			showEnvVarsInLog = 0;
		};
		3387F5A348D8A9C1ADACE7AB /* [CP] Check Pods Manifest.lock */ = {
			isa = PBXShellScriptBuildPhase;
			buildActionMask = 2147483647;
			files = (
			);
			inputFileListPaths = (
			);
			inputPaths = (
				"${PODS_PODFILE_DIR_PATH}/Podfile.lock",
				"${PODS_ROOT}/Manifest.lock",
			);
			name = "[CP] Check Pods Manifest.lock";
			outputFileListPaths = (
			);
			outputPaths = (
				"$(DERIVED_FILE_DIR)/Pods-ViperMVVM-checkManifestLockResult.txt",
			);
			runOnlyForDeploymentPostprocessing = 0;
			shellPath = /bin/sh;
			shellScript = "diff \"${PODS_PODFILE_DIR_PATH}/Podfile.lock\" \"${PODS_ROOT}/Manifest.lock\" > /dev/null\nif [ $? != 0 ] ; then\n    # print error to STDERR\n    echo \"error: The sandbox is not in sync with the Podfile.lock. Run 'pod install' or update your CocoaPods installation.\" >&2\n    exit 1\nfi\n# This output is used by Xcode 'outputs' to avoid re-running this script phase.\necho \"SUCCESS\" > \"${SCRIPT_OUTPUT_FILE_0}\"\n";
			showEnvVarsInLog = 0;
		};
		3BC24DA6263AD5A400AAF403 /* Swiftlint */ = {
			isa = PBXShellScriptBuildPhase;
			buildActionMask = 2147483647;
			files = (
			);
			inputFileListPaths = (
			);
			inputPaths = (
			);
			name = Swiftlint;
			outputFileListPaths = (
			);
			outputPaths = (
			);
			runOnlyForDeploymentPostprocessing = 0;
			shellPath = /bin/sh;
			shellScript = "# Type a script or drag a script file from your workspace to insert its path.\nif which swiftlint >/dev/null; then\n  swiftlint\nelse\n  echo \"warning: SwiftLint not installed, download from https://github.com/realm/SwiftLint\"\nfi\n";
		};
/* End PBXShellScriptBuildPhase section */

/* Begin PBXSourcesBuildPhase section */
		3BC24D85263AD0D100AAF403 /* Sources */ = {
			isa = PBXSourcesBuildPhase;
			buildActionMask = 2147483647;
			files = (
				3BD20E6F263BE3A100D9CA8F /* FirstInterfase.swift in Sources */,
				3BD20E8B263C2A0700D9CA8F /* SecondModel.swift in Sources */,
				3BD20E75263BF2C300D9CA8F /* DIContainer.swift in Sources */,
				3B63722F2644347D008AAA2B /* SecondTableViewCell.swift in Sources */,
				3B63722626443382008AAA2B /* SecondViewController.swift in Sources */,
				3BD20E6C263BE31100D9CA8F /* FirstWireFrame.swift in Sources */,
				3BD20E69263BE2FB00D9CA8F /* FirstRouter.swift in Sources */,
				3B63723F2644395A008AAA2B /* APIServiceSecond.swift in Sources */,
				3B63722226443338008AAA2B /* SecondInterface.swift in Sources */,
				3BD20E78263BF3CF00D9CA8F /* APIServiceFirst.swift in Sources */,
				3BD20E63263BE2A600D9CA8F /* FirstViewModel.swift in Sources */,
				3B63723626443538008AAA2B /* SecondWireFrame.swift in Sources */,
				3BC24D8D263AD0D100AAF403 /* AppDelegate.swift in Sources */,
				3B26EFC126427ED700A8F927 /* FirstTableViewCell.swift in Sources */,
				3BD20E66263BE2C900D9CA8F /* FirstModel.swift in Sources */,
				3B637233264434C3008AAA2B /* SecondViewModel.swift in Sources */,
				3BD20E7D263BFDD100D9CA8F /* FirstViewController.swift in Sources */,
				3B26EFC52642A71A00A8F927 /* State.swift in Sources */,
				3B26EFC82642A7CA00A8F927 /* ExtensionDate.swift in Sources */,
			);
			runOnlyForDeploymentPostprocessing = 0;
		};
/* End PBXSourcesBuildPhase section */

/* Begin PBXVariantGroup section */
		3BC24D97263AD0D300AAF403 /* LaunchScreen.storyboard */ = {
			isa = PBXVariantGroup;
			children = (
				3BC24D98263AD0D300AAF403 /* Base */,
			);
			name = LaunchScreen.storyboard;
			sourceTree = "<group>";
		};
/* End PBXVariantGroup section */

/* Begin XCBuildConfiguration section */
		3BC24D9B263AD0D300AAF403 /* Debug */ = {
			isa = XCBuildConfiguration;
			buildSettings = {
				ALWAYS_SEARCH_USER_PATHS = NO;
				CLANG_ANALYZER_NONNULL = YES;
				CLANG_ANALYZER_NUMBER_OBJECT_CONVERSION = YES_AGGRESSIVE;
				CLANG_CXX_LANGUAGE_STANDARD = "gnu++14";
				CLANG_CXX_LIBRARY = "libc++";
				CLANG_ENABLE_MODULES = YES;
				CLANG_ENABLE_OBJC_ARC = YES;
				CLANG_ENABLE_OBJC_WEAK = YES;
				CLANG_WARN_BLOCK_CAPTURE_AUTORELEASING = YES;
				CLANG_WARN_BOOL_CONVERSION = YES;
				CLANG_WARN_COMMA = YES;
				CLANG_WARN_CONSTANT_CONVERSION = YES;
				CLANG_WARN_DEPRECATED_OBJC_IMPLEMENTATIONS = YES;
				CLANG_WARN_DIRECT_OBJC_ISA_USAGE = YES_ERROR;
				CLANG_WARN_DOCUMENTATION_COMMENTS = YES;
				CLANG_WARN_EMPTY_BODY = YES;
				CLANG_WARN_ENUM_CONVERSION = YES;
				CLANG_WARN_INFINITE_RECURSION = YES;
				CLANG_WARN_INT_CONVERSION = YES;
				CLANG_WARN_NON_LITERAL_NULL_CONVERSION = YES;
				CLANG_WARN_OBJC_IMPLICIT_RETAIN_SELF = YES;
				CLANG_WARN_OBJC_LITERAL_CONVERSION = YES;
				CLANG_WARN_OBJC_ROOT_CLASS = YES_ERROR;
				CLANG_WARN_QUOTED_INCLUDE_IN_FRAMEWORK_HEADER = YES;
				CLANG_WARN_RANGE_LOOP_ANALYSIS = YES;
				CLANG_WARN_STRICT_PROTOTYPES = YES;
				CLANG_WARN_SUSPICIOUS_MOVE = YES;
				CLANG_WARN_UNGUARDED_AVAILABILITY = YES_AGGRESSIVE;
				CLANG_WARN_UNREACHABLE_CODE = YES;
				CLANG_WARN__DUPLICATE_METHOD_MATCH = YES;
				COPY_PHASE_STRIP = NO;
				DEBUG_INFORMATION_FORMAT = dwarf;
				ENABLE_STRICT_OBJC_MSGSEND = YES;
				ENABLE_TESTABILITY = YES;
				GCC_C_LANGUAGE_STANDARD = gnu11;
				GCC_DYNAMIC_NO_PIC = NO;
				GCC_NO_COMMON_BLOCKS = YES;
				GCC_OPTIMIZATION_LEVEL = 0;
				GCC_PREPROCESSOR_DEFINITIONS = (
					"DEBUG=1",
					"$(inherited)",
				);
				GCC_WARN_64_TO_32_BIT_CONVERSION = YES;
				GCC_WARN_ABOUT_RETURN_TYPE = YES_ERROR;
				GCC_WARN_UNDECLARED_SELECTOR = YES;
				GCC_WARN_UNINITIALIZED_AUTOS = YES_AGGRESSIVE;
				GCC_WARN_UNUSED_FUNCTION = YES;
				GCC_WARN_UNUSED_VARIABLE = YES;
				IPHONEOS_DEPLOYMENT_TARGET = 14.4;
				MTL_ENABLE_DEBUG_INFO = INCLUDE_SOURCE;
				MTL_FAST_MATH = YES;
				ONLY_ACTIVE_ARCH = YES;
				SDKROOT = iphoneos;
				SWIFT_ACTIVE_COMPILATION_CONDITIONS = DEBUG;
				SWIFT_OPTIMIZATION_LEVEL = "-Onone";
			};
			name = Debug;
		};
		3BC24D9C263AD0D300AAF403 /* Release */ = {
			isa = XCBuildConfiguration;
			buildSettings = {
				ALWAYS_SEARCH_USER_PATHS = NO;
				CLANG_ANALYZER_NONNULL = YES;
				CLANG_ANALYZER_NUMBER_OBJECT_CONVERSION = YES_AGGRESSIVE;
				CLANG_CXX_LANGUAGE_STANDARD = "gnu++14";
				CLANG_CXX_LIBRARY = "libc++";
				CLANG_ENABLE_MODULES = YES;
				CLANG_ENABLE_OBJC_ARC = YES;
				CLANG_ENABLE_OBJC_WEAK = YES;
				CLANG_WARN_BLOCK_CAPTURE_AUTORELEASING = YES;
				CLANG_WARN_BOOL_CONVERSION = YES;
				CLANG_WARN_COMMA = YES;
				CLANG_WARN_CONSTANT_CONVERSION = YES;
				CLANG_WARN_DEPRECATED_OBJC_IMPLEMENTATIONS = YES;
				CLANG_WARN_DIRECT_OBJC_ISA_USAGE = YES_ERROR;
				CLANG_WARN_DOCUMENTATION_COMMENTS = YES;
				CLANG_WARN_EMPTY_BODY = YES;
				CLANG_WARN_ENUM_CONVERSION = YES;
				CLANG_WARN_INFINITE_RECURSION = YES;
				CLANG_WARN_INT_CONVERSION = YES;
				CLANG_WARN_NON_LITERAL_NULL_CONVERSION = YES;
				CLANG_WARN_OBJC_IMPLICIT_RETAIN_SELF = YES;
				CLANG_WARN_OBJC_LITERAL_CONVERSION = YES;
				CLANG_WARN_OBJC_ROOT_CLASS = YES_ERROR;
				CLANG_WARN_QUOTED_INCLUDE_IN_FRAMEWORK_HEADER = YES;
				CLANG_WARN_RANGE_LOOP_ANALYSIS = YES;
				CLANG_WARN_STRICT_PROTOTYPES = YES;
				CLANG_WARN_SUSPICIOUS_MOVE = YES;
				CLANG_WARN_UNGUARDED_AVAILABILITY = YES_AGGRESSIVE;
				CLANG_WARN_UNREACHABLE_CODE = YES;
				CLANG_WARN__DUPLICATE_METHOD_MATCH = YES;
				COPY_PHASE_STRIP = NO;
				DEBUG_INFORMATION_FORMAT = "dwarf-with-dsym";
				ENABLE_NS_ASSERTIONS = NO;
				ENABLE_STRICT_OBJC_MSGSEND = YES;
				GCC_C_LANGUAGE_STANDARD = gnu11;
				GCC_NO_COMMON_BLOCKS = YES;
				GCC_WARN_64_TO_32_BIT_CONVERSION = YES;
				GCC_WARN_ABOUT_RETURN_TYPE = YES_ERROR;
				GCC_WARN_UNDECLARED_SELECTOR = YES;
				GCC_WARN_UNINITIALIZED_AUTOS = YES_AGGRESSIVE;
				GCC_WARN_UNUSED_FUNCTION = YES;
				GCC_WARN_UNUSED_VARIABLE = YES;
				IPHONEOS_DEPLOYMENT_TARGET = 14.4;
				MTL_ENABLE_DEBUG_INFO = NO;
				MTL_FAST_MATH = YES;
				SDKROOT = iphoneos;
				SWIFT_COMPILATION_MODE = wholemodule;
				SWIFT_OPTIMIZATION_LEVEL = "-O";
				VALIDATE_PRODUCT = YES;
			};
			name = Release;
		};
		3BC24D9E263AD0D300AAF403 /* Debug */ = {
			isa = XCBuildConfiguration;
			baseConfigurationReference = 4C2CEBA29AD8EECDFB12B515 /* Pods-ViperMVVM.debug.xcconfig */;
			buildSettings = {
				ASSETCATALOG_COMPILER_APPICON_NAME = AppIcon;
				ASSETCATALOG_COMPILER_GLOBAL_ACCENT_COLOR_NAME = AccentColor;
				CODE_SIGN_STYLE = Automatic;
				DEVELOPMENT_TEAM = 364PACBHLP;
				INFOPLIST_FILE = ViperMVVM/Info.plist;
				LD_RUNPATH_SEARCH_PATHS = (
					"$(inherited)",
					"@executable_path/Frameworks",
				);
				PRODUCT_BUNDLE_IDENTIFIER = com.natife.ViperMVVM;
				PRODUCT_NAME = "$(TARGET_NAME)";
				SWIFT_VERSION = 5.0;
				TARGETED_DEVICE_FAMILY = "1,2";
			};
			name = Debug;
		};
		3BC24D9F263AD0D300AAF403 /* Release */ = {
			isa = XCBuildConfiguration;
			baseConfigurationReference = 9A124D3E20DE8E952D17EB0E /* Pods-ViperMVVM.release.xcconfig */;
			buildSettings = {
				ASSETCATALOG_COMPILER_APPICON_NAME = AppIcon;
				ASSETCATALOG_COMPILER_GLOBAL_ACCENT_COLOR_NAME = AccentColor;
				CODE_SIGN_STYLE = Automatic;
				DEVELOPMENT_TEAM = 364PACBHLP;
				INFOPLIST_FILE = ViperMVVM/Info.plist;
				LD_RUNPATH_SEARCH_PATHS = (
					"$(inherited)",
					"@executable_path/Frameworks",
				);
				PRODUCT_BUNDLE_IDENTIFIER = com.natife.ViperMVVM;
				PRODUCT_NAME = "$(TARGET_NAME)";
				SWIFT_VERSION = 5.0;
				TARGETED_DEVICE_FAMILY = "1,2";
			};
			name = Release;
		};
/* End XCBuildConfiguration section */

/* Begin XCConfigurationList section */
		3BC24D84263AD0D100AAF403 /* Build configuration list for PBXProject "ViperMVVM" */ = {
			isa = XCConfigurationList;
			buildConfigurations = (
				3BC24D9B263AD0D300AAF403 /* Debug */,
				3BC24D9C263AD0D300AAF403 /* Release */,
			);
			defaultConfigurationIsVisible = 0;
			defaultConfigurationName = Release;
		};
		3BC24D9D263AD0D300AAF403 /* Build configuration list for PBXNativeTarget "ViperMVVM" */ = {
			isa = XCConfigurationList;
			buildConfigurations = (
				3BC24D9E263AD0D300AAF403 /* Debug */,
				3BC24D9F263AD0D300AAF403 /* Release */,
			);
			defaultConfigurationIsVisible = 0;
			defaultConfigurationName = Release;
		};
/* End XCConfigurationList section */
	};
	rootObject = 3BC24D81263AD0D100AAF403 /* Project object */;
}
